{
    "version": 3,
    "terraform_version": "0.11.3",
    "serial": 4,
    "lineage": "0c24c59e-8754-4707-9119-ba18828df568",
    "modules": [
        {
            "path": [
                "root"
            ],
            "outputs": {
                "app_hostname": {
                    "sensitive": false,
                    "type": "string",
                    "value": "dev-app-lb-1331782281.us-east-1.elb.amazonaws.com"
                }
            },
            "resources": {
                "aws_key_pair.key": {
                    "type": "aws_key_pair",
                    "depends_on": [],
                    "primary": {
                        "id": "sd-key",
                        "attributes": {
                            "fingerprint": "67:19:84:21:6d:ea:05:59:c9:63:bf:86:e9:d7:e2:06",
                            "id": "sd-key",
                            "key_name": "sd-key",
                            "public_key": "ssh-rsa AAAAB3NzaC1yc2EAAAADAQABAAABAQCphmW9NRq5meZDVLY48uFv5dfLj7ffewDkoq4B3PAGCGCaem7aSoV4nYtXuC8R6JU+WI6l2hTDspwFsoYeLQwADMBlXruTDoLvou6Pc6XLtgt0Io5OP1n41coCfGLlZLWrSqQ3AxhMQiamJ3c/ZYOyEOKOi1hzGOmf+0Axhcr2FF0DDjM9n/CY0/3OW2qVg6fY7LNFG0FIzuYLZlvO+ktub9DLRSrvrDUN8xXanyauZ5KODCJLzIdAhjsZQpOi30FcOOlEtAR1CgkZebYeGQqnU7JiDS0XtOJkG+rF9Erseq2ws66ZbmtBqYPCXdxyPUVxsTLXzt5X2GwJbOZOgx31 dev_key"
                        },
                        "meta": {
                            "schema_version": "1"
                        },
                        "tainted": false
                    },
                    "deposed": [],
                    "provider": "provider.aws"
                }
            },
            "depends_on": []
        },
        {
            "path": [
                "root",
                "app"
            ],
            "outputs": {
                "app.hostname": {
                    "sensitive": false,
                    "type": "string",
                    "value": "dev-app-lb-1331782281.us-east-1.elb.amazonaws.com"
                }
            },
            "resources": {
                "aws_elb.app": {
                    "type": "aws_elb",
                    "depends_on": [
                        "aws_instance.app",
                        "aws_security_group.app-inbound-sg"
                    ],
                    "primary": {
                        "id": "dev-app-lb",
                        "attributes": {
                            "access_logs.#": "0",
                            "arn": "arn:aws:elasticloadbalancing:us-east-1:812508967154:loadbalancer/dev-app-lb",
                            "availability_zones.#": "1",
                            "availability_zones.3569565595": "us-east-1a",
                            "connection_draining": "false",
                            "connection_draining_timeout": "300",
                            "cross_zone_load_balancing": "true",
                            "dns_name": "dev-app-lb-1331782281.us-east-1.elb.amazonaws.com",
                            "health_check.#": "1",
                            "health_check.0.healthy_threshold": "10",
                            "health_check.0.interval": "30",
                            "health_check.0.target": "TCP:80",
                            "health_check.0.timeout": "5",
                            "health_check.0.unhealthy_threshold": "2",
                            "id": "dev-app-lb",
                            "idle_timeout": "60",
                            "instances.#": "1",
                            "instances.2683305126": "i-040f5d3431aca5f3e",
                            "internal": "false",
                            "listener.#": "1",
                            "listener.3057123346.instance_port": "80",
                            "listener.3057123346.instance_protocol": "http",
                            "listener.3057123346.lb_port": "80",
                            "listener.3057123346.lb_protocol": "http",
                            "listener.3057123346.ssl_certificate_id": "",
                            "name": "dev-app-lb",
                            "security_groups.#": "1",
                            "security_groups.3964055491": "sg-23153e55",
                            "source_security_group": "812508967154/dev-app-inbound-sg",
                            "source_security_group_id": "sg-23153e55",
                            "subnets.#": "1",
                            "subnets.1675434396": "subnet-7b63ae31",
                            "tags.%": "1",
                            "tags.Environment": "dev",
                            "zone_id": "Z35SXDOTRQ7X7K"
                        },
                        "meta": {},
                        "tainted": false
                    },
                    "deposed": [],
                    "provider": "provider.aws"
                },
                "aws_instance.app": {
                    "type": "aws_instance",
                    "depends_on": [
                        "aws_security_group.app-server-sg"
                    ],
                    "primary": {
                        "id": "i-040f5d3431aca5f3e",
                        "attributes": {
                            "ami": "ami-f652979b",
                            "associate_public_ip_address": "true",
                            "availability_zone": "us-east-1a",
                            "disable_api_termination": "false",
                            "ebs_block_device.#": "0",
                            "ebs_optimized": "false",
                            "ephemeral_block_device.#": "0",
                            "get_password_data": "false",
                            "iam_instance_profile": "",
                            "id": "i-040f5d3431aca5f3e",
                            "instance_state": "running",
                            "instance_type": "t2.micro",
                            "ipv6_addresses.#": "0",
                            "key_name": "sd-key",
                            "monitoring": "false",
                            "network_interface.#": "0",
                            "network_interface_id": "eni-e728be30",
                            "password_data": "",
                            "placement_group": "",
                            "primary_network_interface_id": "eni-e728be30",
                            "private_dns": "ip-10-0-1-231.ec2.internal",
                            "private_ip": "10.0.1.231",
                            "public_dns": "ec2-54-236-204-196.compute-1.amazonaws.com",
                            "public_ip": "54.236.204.196",
                            "root_block_device.#": "1",
                            "root_block_device.0.delete_on_termination": "true",
                            "root_block_device.0.iops": "100",
                            "root_block_device.0.volume_id": "vol-0380c7617590417ec",
                            "root_block_device.0.volume_size": "8",
                            "root_block_device.0.volume_type": "gp2",
                            "security_groups.#": "0",
                            "source_dest_check": "true",
                            "subnet_id": "subnet-7b63ae31",
                            "tags.%": "2",
                            "tags.Environment": "dev",
                            "tags.Name": "dev-app",
                            "tenancy": "default",
                            "user_data": "65b60b57eedf905f1f11cec43ab128b2df87ba55",
                            "volume_tags.%": "0",
                            "vpc_security_group_ids.#": "1",
                            "vpc_security_group_ids.225225912": "sg-6cefc41a"
                        },
                        "meta": {
                            "e2bfb730-ecaa-11e6-8f88-34363bc7c4c0": {
                                "create": 600000000000,
                                "delete": 1200000000000,
                                "update": 600000000000
                            },
                            "schema_version": "1"
                        },
                        "tainted": false
                    },
                    "deposed": [],
                    "provider": "provider.aws"
                },
                "aws_security_group.app-inbound-sg": {
                    "type": "aws_security_group",
                    "depends_on": [],
                    "primary": {
                        "id": "sg-23153e55",
                        "attributes": {
                            "arn": "arn:aws:ec2:us-east-1:812508967154:security-group/sg-23153e55",
                            "description": "Allow HTTP from Anywhere",
                            "egress.#": "1",
                            "egress.482069346.cidr_blocks.#": "1",
                            "egress.482069346.cidr_blocks.0": "0.0.0.0/0",
                            "egress.482069346.description": "",
                            "egress.482069346.from_port": "0",
                            "egress.482069346.ipv6_cidr_blocks.#": "0",
                            "egress.482069346.prefix_list_ids.#": "0",
                            "egress.482069346.protocol": "-1",
                            "egress.482069346.security_groups.#": "0",
                            "egress.482069346.self": "false",
                            "egress.482069346.to_port": "0",
                            "id": "sg-23153e55",
                            "ingress.#": "2",
                            "ingress.2214680975.cidr_blocks.#": "1",
                            "ingress.2214680975.cidr_blocks.0": "0.0.0.0/0",
                            "ingress.2214680975.description": "",
                            "ingress.2214680975.from_port": "80",
                            "ingress.2214680975.ipv6_cidr_blocks.#": "0",
                            "ingress.2214680975.protocol": "tcp",
                            "ingress.2214680975.security_groups.#": "0",
                            "ingress.2214680975.self": "false",
                            "ingress.2214680975.to_port": "80",
                            "ingress.3068409405.cidr_blocks.#": "1",
                            "ingress.3068409405.cidr_blocks.0": "0.0.0.0/0",
                            "ingress.3068409405.description": "",
                            "ingress.3068409405.from_port": "8",
                            "ingress.3068409405.ipv6_cidr_blocks.#": "0",
                            "ingress.3068409405.protocol": "icmp",
                            "ingress.3068409405.security_groups.#": "0",
                            "ingress.3068409405.self": "false",
                            "ingress.3068409405.to_port": "0",
                            "name": "dev-app-inbound-sg",
                            "owner_id": "812508967154",
                            "revoke_rules_on_delete": "false",
                            "tags.%": "1",
                            "tags.Name": "dev-app-inbound-sg",
                            "vpc_id": "vpc-4795053c"
                        },
                        "meta": {
                            "e2bfb730-ecaa-11e6-8f88-34363bc7c4c0": {
                                "create": 600000000000,
                                "delete": 600000000000
                            },
                            "schema_version": "1"
                        },
                        "tainted": false
                    },
                    "deposed": [],
                    "provider": "provider.aws"
                },
                "aws_security_group.app-server-sg": {
                    "type": "aws_security_group",
                    "depends_on": [],
                    "primary": {
                        "id": "sg-6cefc41a",
                        "attributes": {
                            "arn": "arn:aws:ec2:us-east-1:812508967154:security-group/sg-6cefc41a",
                            "description": "Security group for app that allows web traffic from internet",
                            "egress.#": "1",
                            "egress.482069346.cidr_blocks.#": "1",
                            "egress.482069346.cidr_blocks.0": "0.0.0.0/0",
                            "egress.482069346.description": "",
                            "egress.482069346.from_port": "0",
                            "egress.482069346.ipv6_cidr_blocks.#": "0",
                            "egress.482069346.prefix_list_ids.#": "0",
                            "egress.482069346.protocol": "-1",
                            "egress.482069346.security_groups.#": "0",
                            "egress.482069346.self": "false",
                            "egress.482069346.to_port": "0",
                            "id": "sg-6cefc41a",
                            "ingress.#": "3",
                            "ingress.2214680975.cidr_blocks.#": "1",
                            "ingress.2214680975.cidr_blocks.0": "0.0.0.0/0",
                            "ingress.2214680975.description": "",
                            "ingress.2214680975.from_port": "80",
                            "ingress.2214680975.ipv6_cidr_blocks.#": "0",
                            "ingress.2214680975.protocol": "tcp",
                            "ingress.2214680975.security_groups.#": "0",
                            "ingress.2214680975.self": "false",
                            "ingress.2214680975.to_port": "80",
                            "ingress.2541437006.cidr_blocks.#": "1",
                            "ingress.2541437006.cidr_blocks.0": "0.0.0.0/0",
                            "ingress.2541437006.description": "",
                            "ingress.2541437006.from_port": "22",
                            "ingress.2541437006.ipv6_cidr_blocks.#": "0",
                            "ingress.2541437006.protocol": "tcp",
                            "ingress.2541437006.security_groups.#": "0",
                            "ingress.2541437006.self": "false",
                            "ingress.2541437006.to_port": "22",
                            "ingress.3068409405.cidr_blocks.#": "1",
                            "ingress.3068409405.cidr_blocks.0": "0.0.0.0/0",
                            "ingress.3068409405.description": "",
                            "ingress.3068409405.from_port": "8",
                            "ingress.3068409405.ipv6_cidr_blocks.#": "0",
                            "ingress.3068409405.protocol": "icmp",
                            "ingress.3068409405.security_groups.#": "0",
                            "ingress.3068409405.self": "false",
                            "ingress.3068409405.to_port": "0",
                            "name": "dev-app-server-sg",
                            "owner_id": "812508967154",
                            "revoke_rules_on_delete": "false",
                            "tags.%": "2",
                            "tags.Environment": "dev",
                            "tags.Name": "dev-app-server-sg",
                            "vpc_id": "vpc-4795053c"
                        },
                        "meta": {
                            "e2bfb730-ecaa-11e6-8f88-34363bc7c4c0": {
                                "create": 600000000000,
                                "delete": 600000000000
                            },
                            "schema_version": "1"
                        },
                        "tainted": false
                    },
                    "deposed": [],
                    "provider": "provider.aws"
                }
            },
            "depends_on": []
        },
        {
            "path": [
                "root",
                "networking"
            ],
            "outputs": {
                "default_sg_id": {
                    "sensitive": false,
                    "type": "string",
                    "value": "sg-d3e5cea5"
                },
                "public_subnet_id": {
                    "sensitive": false,
                    "type": "string",
                    "value": "subnet-7b63ae31"
                },
                "vpc_id": {
                    "sensitive": false,
                    "type": "string",
                    "value": "vpc-4795053c"
                }
            },
            "resources": {
                "aws_internet_gateway.ig": {
                    "type": "aws_internet_gateway",
                    "depends_on": [
                        "aws_vpc.vpc"
                    ],
                    "primary": {
                        "id": "igw-cec368b6",
                        "attributes": {
                            "id": "igw-cec368b6",
                            "tags.%": "2",
                            "tags.Environment": "dev",
                            "tags.Name": "dev-igw",
                            "vpc_id": "vpc-4795053c"
                        },
                        "meta": {},
                        "tainted": false
                    },
                    "deposed": [],
                    "provider": "provider.aws"
                },
                "aws_route.public_internet_gateway": {
                    "type": "aws_route",
                    "depends_on": [
                        "aws_internet_gateway.ig",
                        "aws_route_table.public"
                    ],
                    "primary": {
                        "id": "r-rtb-83ff70ff1080289494",
                        "attributes": {
                            "destination_cidr_block": "0.0.0.0/0",
                            "destination_prefix_list_id": "",
                            "egress_only_gateway_id": "",
                            "gateway_id": "igw-cec368b6",
                            "id": "r-rtb-83ff70ff1080289494",
                            "instance_id": "",
                            "instance_owner_id": "",
                            "nat_gateway_id": "",
                            "network_interface_id": "",
                            "origin": "CreateRoute",
                            "route_table_id": "rtb-83ff70ff",
                            "state": "active",
                            "vpc_peering_connection_id": ""
                        },
                        "meta": {
                            "e2bfb730-ecaa-11e6-8f88-34363bc7c4c0": {
                                "create": 120000000000,
                                "delete": 300000000000
                            }
                        },
                        "tainted": false
                    },
                    "deposed": [],
                    "provider": "provider.aws"
                },
                "aws_route_table.public": {
                    "type": "aws_route_table",
                    "depends_on": [
                        "aws_vpc.vpc"
                    ],
                    "primary": {
                        "id": "rtb-83ff70ff",
                        "attributes": {
                            "id": "rtb-83ff70ff",
                            "propagating_vgws.#": "0",
                            "route.#": "1",
                            "route.1045222283.cidr_block": "0.0.0.0/0",
                            "route.1045222283.egress_only_gateway_id": "",
                            "route.1045222283.gateway_id": "igw-cec368b6",
                            "route.1045222283.instance_id": "",
                            "route.1045222283.ipv6_cidr_block": "",
                            "route.1045222283.nat_gateway_id": "",
                            "route.1045222283.network_interface_id": "",
                            "route.1045222283.vpc_peering_connection_id": "",
                            "tags.%": "2",
                            "tags.Environment": "dev",
                            "tags.Name": "dev-public-route-table",
                            "vpc_id": "vpc-4795053c"
                        },
                        "meta": {},
                        "tainted": false
                    },
                    "deposed": [],
                    "provider": "provider.aws"
                },
                "aws_route_table_association.public": {
                    "type": "aws_route_table_association",
                    "depends_on": [
                        "aws_route_table.public",
                        "aws_subnet.public_subnet"
                    ],
                    "primary": {
                        "id": "rtbassoc-6cc43813",
                        "attributes": {
                            "id": "rtbassoc-6cc43813",
                            "route_table_id": "rtb-83ff70ff",
                            "subnet_id": "subnet-7b63ae31"
                        },
                        "meta": {},
                        "tainted": false
                    },
                    "deposed": [],
                    "provider": "provider.aws"
                },
                "aws_security_group.default": {
                    "type": "aws_security_group",
                    "depends_on": [
                        "aws_vpc.vpc"
                    ],
                    "primary": {
                        "id": "sg-d3e5cea5",
                        "attributes": {
                            "arn": "arn:aws:ec2:us-east-1:812508967154:security-group/sg-d3e5cea5",
                            "description": "Default security group to allow inbound/outbound from the VPC",
                            "egress.#": "1",
                            "egress.753360330.cidr_blocks.#": "0",
                            "egress.753360330.description": "",
                            "egress.753360330.from_port": "0",
                            "egress.753360330.ipv6_cidr_blocks.#": "0",
                            "egress.753360330.prefix_list_ids.#": "0",
                            "egress.753360330.protocol": "-1",
                            "egress.753360330.security_groups.#": "0",
                            "egress.753360330.self": "true",
                            "egress.753360330.to_port": "0",
                            "id": "sg-d3e5cea5",
                            "ingress.#": "1",
                            "ingress.753360330.cidr_blocks.#": "0",
                            "ingress.753360330.description": "",
                            "ingress.753360330.from_port": "0",
                            "ingress.753360330.ipv6_cidr_blocks.#": "0",
                            "ingress.753360330.protocol": "-1",
                            "ingress.753360330.security_groups.#": "0",
                            "ingress.753360330.self": "true",
                            "ingress.753360330.to_port": "0",
                            "name": "dev-default-sg",
                            "owner_id": "812508967154",
                            "revoke_rules_on_delete": "false",
                            "tags.%": "1",
                            "tags.Environment": "dev",
                            "vpc_id": "vpc-4795053c"
                        },
                        "meta": {
                            "e2bfb730-ecaa-11e6-8f88-34363bc7c4c0": {
                                "create": 600000000000,
                                "delete": 600000000000
                            },
                            "schema_version": "1"
                        },
                        "tainted": false
                    },
                    "deposed": [],
                    "provider": "provider.aws"
                },
                "aws_subnet.public_subnet": {
                    "type": "aws_subnet",
                    "depends_on": [
                        "aws_vpc.vpc"
                    ],
                    "primary": {
                        "id": "subnet-7b63ae31",
                        "attributes": {
                            "assign_ipv6_address_on_creation": "false",
                            "availability_zone": "us-east-1a",
                            "cidr_block": "10.0.1.0/24",
                            "id": "subnet-7b63ae31",
                            "map_public_ip_on_launch": "true",
                            "tags.%": "2",
                            "tags.Environment": "dev",
                            "tags.Name": "dev-public-subnet",
                            "vpc_id": "vpc-4795053c"
                        },
                        "meta": {
                            "schema_version": "1"
                        },
                        "tainted": false
                    },
                    "deposed": [],
                    "provider": "provider.aws"
                },
                "aws_vpc.vpc": {
                    "type": "aws_vpc",
                    "depends_on": [],
                    "primary": {
                        "id": "vpc-4795053c",
                        "attributes": {
                            "assign_generated_ipv6_cidr_block": "false",
                            "cidr_block": "10.0.0.0/16",
                            "default_network_acl_id": "acl-d030deaa",
                            "default_route_table_id": "rtb-7cf77800",
                            "default_security_group_id": "sg-e2e2c994",
                            "dhcp_options_id": "dopt-9d1124e5",
                            "enable_classiclink": "false",
                            "enable_classiclink_dns_support": "false",
                            "enable_dns_hostnames": "true",
                            "enable_dns_support": "true",
                            "id": "vpc-4795053c",
                            "instance_tenancy": "default",
                            "main_route_table_id": "rtb-7cf77800",
                            "tags.%": "2",
                            "tags.Environment": "dev",
                            "tags.Name": "dev-vpc"
                        },
                        "meta": {
                            "schema_version": "1"
                        },
                        "tainted": false
                    },
                    "deposed": [],
                    "provider": "provider.aws"
                }
            },
            "depends_on": []
        }
    ]
}
